
Microsoft Visual Studio Solution File, Format Version 12.00
# Visual Studio Version 16
VisualStudioVersion = 16.0.30330.147
MinimumVisualStudioVersion = 10.0.40219.1
Project("{2150E333-8FDC-42A3-9474-1A3956D46DE8}") = "Domain", "Domain", "{7061329C-25BF-4487-904F-DADE1431B5B2}"
EndProject
Project("{2150E333-8FDC-42A3-9474-1A3956D46DE8}") = "Infra IOC", "Infra IOC", "{5A0FCE27-7A1B-4823-B26D-0CD204F78202}"
EndProject
Project("{2150E333-8FDC-42A3-9474-1A3956D46DE8}") = "Infra Bus", "Infra Bus", "{E2501394-A9D4-4A74-964A-6D8FF1EFE5E7}"
EndProject
Project("{2150E333-8FDC-42A3-9474-1A3956D46DE8}") = "MicroServices", "MicroServices", "{B8C857F0-3759-4D8A-9598-2ECE770C3ACA}"
EndProject
Project("{2150E333-8FDC-42A3-9474-1A3956D46DE8}") = "presentation", "presentation", "{9FD1C2A5-6063-4B41-A9D5-98728D73E995}"
EndProject
Project("{FAE04EC0-301F-11D3-BF4B-00C04F79EFBC}") = "BankingOperations.Domain.Core", "BankingOperations.Domain.Core\BankingOperations.Domain.Core.csproj", "{6AF20893-43CA-4B09-8F46-A9B80FC248A8}"
EndProject
Project("{FAE04EC0-301F-11D3-BF4B-00C04F79EFBC}") = "BankingOperations.Infra.Ioc", "BankingOperations.Infra Ioc\BankingOperations.Infra.Ioc.csproj", "{1710E8BD-6FC6-4BA1-BAFA-823DCBC63C42}"
EndProject
Project("{FAE04EC0-301F-11D3-BF4B-00C04F79EFBC}") = "BankingOperations.Infra.Bus", "BankingOperations.Infra.Bus\BankingOperations.Infra.Bus.csproj", "{AF5D8CA0-8B28-4F6B-9CC9-2D09BC987B08}"
EndProject
Project("{2150E333-8FDC-42A3-9474-1A3956D46DE8}") = "Banking", "Banking", "{2581843A-B8F8-4B26-BED4-C6AF5F05C642}"
EndProject
Project("{2150E333-8FDC-42A3-9474-1A3956D46DE8}") = "Application", "Application", "{D3258199-69BC-4E3D-AD2A-40596BE7AD32}"
EndProject
Project("{2150E333-8FDC-42A3-9474-1A3956D46DE8}") = "Data", "Data", "{8619767C-4189-4364-B41B-119050A1EEF9}"
EndProject
Project("{2150E333-8FDC-42A3-9474-1A3956D46DE8}") = "Domain", "Domain", "{D6655BF5-DB08-4961-89A1-3863C600EC47}"
EndProject
Project("{FAE04EC0-301F-11D3-BF4B-00C04F79EFBC}") = "BankingOperations.Api", "BankingOperations.Api\BankingOperations.Api.csproj", "{3CFD6563-4DBA-4F82-8516-2A469018EE57}"
EndProject
Project("{FAE04EC0-301F-11D3-BF4B-00C04F79EFBC}") = "BankingOperations.Banking.Application", "BankingOperations.Banking.Application\BankingOperations.Banking.Application.csproj", "{ABE3D9BE-B28E-4D9D-92A5-5BA9FE5723EB}"
EndProject
Project("{FAE04EC0-301F-11D3-BF4B-00C04F79EFBC}") = "BankingOperations.Banking.Data", "BankingOperations.Banking.Data\BankingOperations.Banking.Data.csproj", "{1E19BCD9-05E6-479C-9D14-BE3BB112C4DA}"
EndProject
Project("{FAE04EC0-301F-11D3-BF4B-00C04F79EFBC}") = "BankingOperations.Banking.Domain", "BankingOperations.Banking.Domain\BankingOperations.Banking.Domain.csproj", "{3F08C1CC-363B-428A-8530-45A63398C724}"
EndProject
Global
	GlobalSection(SolutionConfigurationPlatforms) = preSolution
		Debug|Any CPU = Debug|Any CPU
		Release|Any CPU = Release|Any CPU
	EndGlobalSection
	GlobalSection(ProjectConfigurationPlatforms) = postSolution
		{6AF20893-43CA-4B09-8F46-A9B80FC248A8}.Debug|Any CPU.ActiveCfg = Debug|Any CPU
		{6AF20893-43CA-4B09-8F46-A9B80FC248A8}.Debug|Any CPU.Build.0 = Debug|Any CPU
		{6AF20893-43CA-4B09-8F46-A9B80FC248A8}.Release|Any CPU.ActiveCfg = Release|Any CPU
		{6AF20893-43CA-4B09-8F46-A9B80FC248A8}.Release|Any CPU.Build.0 = Release|Any CPU
		{1710E8BD-6FC6-4BA1-BAFA-823DCBC63C42}.Debug|Any CPU.ActiveCfg = Debug|Any CPU
		{1710E8BD-6FC6-4BA1-BAFA-823DCBC63C42}.Debug|Any CPU.Build.0 = Debug|Any CPU
		{1710E8BD-6FC6-4BA1-BAFA-823DCBC63C42}.Release|Any CPU.ActiveCfg = Release|Any CPU
		{1710E8BD-6FC6-4BA1-BAFA-823DCBC63C42}.Release|Any CPU.Build.0 = Release|Any CPU
		{AF5D8CA0-8B28-4F6B-9CC9-2D09BC987B08}.Debug|Any CPU.ActiveCfg = Debug|Any CPU
		{AF5D8CA0-8B28-4F6B-9CC9-2D09BC987B08}.Debug|Any CPU.Build.0 = Debug|Any CPU
		{AF5D8CA0-8B28-4F6B-9CC9-2D09BC987B08}.Release|Any CPU.ActiveCfg = Release|Any CPU
		{AF5D8CA0-8B28-4F6B-9CC9-2D09BC987B08}.Release|Any CPU.Build.0 = Release|Any CPU
		{3CFD6563-4DBA-4F82-8516-2A469018EE57}.Debug|Any CPU.ActiveCfg = Debug|Any CPU
		{3CFD6563-4DBA-4F82-8516-2A469018EE57}.Debug|Any CPU.Build.0 = Debug|Any CPU
		{3CFD6563-4DBA-4F82-8516-2A469018EE57}.Release|Any CPU.ActiveCfg = Release|Any CPU
		{3CFD6563-4DBA-4F82-8516-2A469018EE57}.Release|Any CPU.Build.0 = Release|Any CPU
		{ABE3D9BE-B28E-4D9D-92A5-5BA9FE5723EB}.Debug|Any CPU.ActiveCfg = Debug|Any CPU
		{ABE3D9BE-B28E-4D9D-92A5-5BA9FE5723EB}.Debug|Any CPU.Build.0 = Debug|Any CPU
		{ABE3D9BE-B28E-4D9D-92A5-5BA9FE5723EB}.Release|Any CPU.ActiveCfg = Release|Any CPU
		{ABE3D9BE-B28E-4D9D-92A5-5BA9FE5723EB}.Release|Any CPU.Build.0 = Release|Any CPU
		{1E19BCD9-05E6-479C-9D14-BE3BB112C4DA}.Debug|Any CPU.ActiveCfg = Debug|Any CPU
		{1E19BCD9-05E6-479C-9D14-BE3BB112C4DA}.Debug|Any CPU.Build.0 = Debug|Any CPU
		{1E19BCD9-05E6-479C-9D14-BE3BB112C4DA}.Release|Any CPU.ActiveCfg = Release|Any CPU
		{1E19BCD9-05E6-479C-9D14-BE3BB112C4DA}.Release|Any CPU.Build.0 = Release|Any CPU
		{3F08C1CC-363B-428A-8530-45A63398C724}.Debug|Any CPU.ActiveCfg = Debug|Any CPU
		{3F08C1CC-363B-428A-8530-45A63398C724}.Debug|Any CPU.Build.0 = Debug|Any CPU
		{3F08C1CC-363B-428A-8530-45A63398C724}.Release|Any CPU.ActiveCfg = Release|Any CPU
		{3F08C1CC-363B-428A-8530-45A63398C724}.Release|Any CPU.Build.0 = Release|Any CPU
	EndGlobalSection
	GlobalSection(SolutionProperties) = preSolution
		HideSolutionNode = FALSE
	EndGlobalSection
	GlobalSection(NestedProjects) = preSolution
		{6AF20893-43CA-4B09-8F46-A9B80FC248A8} = {7061329C-25BF-4487-904F-DADE1431B5B2}
		{1710E8BD-6FC6-4BA1-BAFA-823DCBC63C42} = {5A0FCE27-7A1B-4823-B26D-0CD204F78202}
		{AF5D8CA0-8B28-4F6B-9CC9-2D09BC987B08} = {E2501394-A9D4-4A74-964A-6D8FF1EFE5E7}
		{2581843A-B8F8-4B26-BED4-C6AF5F05C642} = {B8C857F0-3759-4D8A-9598-2ECE770C3ACA}
		{D3258199-69BC-4E3D-AD2A-40596BE7AD32} = {B8C857F0-3759-4D8A-9598-2ECE770C3ACA}
		{8619767C-4189-4364-B41B-119050A1EEF9} = {B8C857F0-3759-4D8A-9598-2ECE770C3ACA}
		{D6655BF5-DB08-4961-89A1-3863C600EC47} = {B8C857F0-3759-4D8A-9598-2ECE770C3ACA}
		{3CFD6563-4DBA-4F82-8516-2A469018EE57} = {2581843A-B8F8-4B26-BED4-C6AF5F05C642}
		{ABE3D9BE-B28E-4D9D-92A5-5BA9FE5723EB} = {D3258199-69BC-4E3D-AD2A-40596BE7AD32}
		{1E19BCD9-05E6-479C-9D14-BE3BB112C4DA} = {8619767C-4189-4364-B41B-119050A1EEF9}
		{3F08C1CC-363B-428A-8530-45A63398C724} = {D6655BF5-DB08-4961-89A1-3863C600EC47}
	EndGlobalSection
	GlobalSection(ExtensibilityGlobals) = postSolution
		SolutionGuid = {610344A5-6EAE-466D-91E5-D256924A9F2C}
	EndGlobalSection
EndGlobal
